// !$*UTF8*$!
{
	archiveVersion = 1;
	classes = {
	};
	objectVersion = 46;
	objects = {

/* Begin PBXBuildFile section */
		BADB26BE3A1A475EE3282204 /* libPods.a in Frameworks */ = {isa = PBXBuildFile; fileRef = 88E7870AD5F99A43AE2C85A3 /* libPods.a */; };
		E3CA80BA1C9156AD00272242 /* main.m in Sources */ = {isa = PBXBuildFile; fileRef = E3CA80B91C9156AD00272242 /* main.m */; };
		E3CA80BD1C9156AD00272242 /* AppDelegate.m in Sources */ = {isa = PBXBuildFile; fileRef = E3CA80BC1C9156AD00272242 /* AppDelegate.m */; };
		E3CA80C31C9156AD00272242 /* Main.storyboard in Resources */ = {isa = PBXBuildFile; fileRef = E3CA80C11C9156AD00272242 /* Main.storyboard */; };
		E3CA80C51C9156AD00272242 /* Assets.xcassets in Resources */ = {isa = PBXBuildFile; fileRef = E3CA80C41C9156AD00272242 /* Assets.xcassets */; };
		E3CA80C81C9156AD00272242 /* LaunchScreen.storyboard in Resources */ = {isa = PBXBuildFile; fileRef = E3CA80C61C9156AD00272242 /* LaunchScreen.storyboard */; };
		E3CA80D31C9156AD00272242 /* SnapUpiPhoneTests.m in Sources */ = {isa = PBXBuildFile; fileRef = E3CA80D21C9156AD00272242 /* SnapUpiPhoneTests.m */; };
		E3CA80DE1C9156AD00272242 /* SnapUpiPhoneUITests.m in Sources */ = {isa = PBXBuildFile; fileRef = E3CA80DD1C9156AD00272242 /* SnapUpiPhoneUITests.m */; };
		E3CA80F71C91FDC400272242 /* BusesViewController.m in Sources */ = {isa = PBXBuildFile; fileRef = E3CA80F61C91FDC400272242 /* BusesViewController.m */; };
		E3CA80FA1C92520600272242 /* CameraViewController.m in Sources */ = {isa = PBXBuildFile; fileRef = E3CA80F91C92520600272242 /* CameraViewController.m */; };
		E3CA80FD1C925FEF00272242 /* TabBarViewController.m in Sources */ = {isa = PBXBuildFile; fileRef = E3CA80FC1C925FEF00272242 /* TabBarViewController.m */; };
		E3CA80FF1C9290DF00272242 /* AVFoundation.framework in Frameworks */ = {isa = PBXBuildFile; fileRef = E3CA80FE1C9290DF00272242 /* AVFoundation.framework */; };
		E3CA81021C93B3D600272242 /* SelectBusViewController.m in Sources */ = {isa = PBXBuildFile; fileRef = E3CA81011C93B3D600272242 /* SelectBusViewController.m */; };
		E3CA81051C9668E200272242 /* BusOrigin.m in Sources */ = {isa = PBXBuildFile; fileRef = E3CA81041C9668E200272242 /* BusOrigin.m */; };
		E3CA81081C966C4000272242 /* BusOriginList.m in Sources */ = {isa = PBXBuildFile; fileRef = E3CA81071C966C4000272242 /* BusOriginList.m */; };
/* End PBXBuildFile section */

/* Begin PBXContainerItemProxy section */
		E3CA80CF1C9156AD00272242 /* PBXContainerItemProxy */ = {
			isa = PBXContainerItemProxy;
			containerPortal = E3CA80AD1C9156AD00272242 /* Project object */;
			proxyType = 1;
			remoteGlobalIDString = E3CA80B41C9156AD00272242;
			remoteInfo = SnapUpiPhone;
		};
		E3CA80DA1C9156AD00272242 /* PBXContainerItemProxy */ = {
			isa = PBXContainerItemProxy;
			containerPortal = E3CA80AD1C9156AD00272242 /* Project object */;
			proxyType = 1;
			remoteGlobalIDString = E3CA80B41C9156AD00272242;
			remoteInfo = SnapUpiPhone;
		};
/* End PBXContainerItemProxy section */

/* Begin PBXFileReference section */
		0708E83FBCEF106E7E72E5F3 /* Pods.release.xcconfig */ = {isa = PBXFileReference; includeInIndex = 1; lastKnownFileType = text.xcconfig; name = Pods.release.xcconfig; path = "Pods/Target Support Files/Pods/Pods.release.xcconfig"; sourceTree = "<group>"; };
		88E7870AD5F99A43AE2C85A3 /* libPods.a */ = {isa = PBXFileReference; explicitFileType = archive.ar; includeInIndex = 0; path = libPods.a; sourceTree = BUILT_PRODUCTS_DIR; };
		9BCF9D87179405322B0FD30F /* Pods.debug.xcconfig */ = {isa = PBXFileReference; includeInIndex = 1; lastKnownFileType = text.xcconfig; name = Pods.debug.xcconfig; path = "Pods/Target Support Files/Pods/Pods.debug.xcconfig"; sourceTree = "<group>"; };
		E3CA80B51C9156AD00272242 /* SnapUpiPhone.app */ = {isa = PBXFileReference; explicitFileType = wrapper.application; includeInIndex = 0; path = SnapUpiPhone.app; sourceTree = BUILT_PRODUCTS_DIR; };
		E3CA80B91C9156AD00272242 /* main.m */ = {isa = PBXFileReference; lastKnownFileType = sourcecode.c.objc; path = main.m; sourceTree = "<group>"; };
		E3CA80BB1C9156AD00272242 /* AppDelegate.h */ = {isa = PBXFileReference; lastKnownFileType = sourcecode.c.h; path = AppDelegate.h; sourceTree = "<group>"; };
		E3CA80BC1C9156AD00272242 /* AppDelegate.m */ = {isa = PBXFileReference; lastKnownFileType = sourcecode.c.objc; path = AppDelegate.m; sourceTree = "<group>"; };
		E3CA80C21C9156AD00272242 /* Base */ = {isa = PBXFileReference; lastKnownFileType = file.storyboard; name = Base; path = Base.lproj/Main.storyboard; sourceTree = "<group>"; };
		E3CA80C41C9156AD00272242 /* Assets.xcassets */ = {isa = PBXFileReference; lastKnownFileType = folder.assetcatalog; path = Assets.xcassets; sourceTree = "<group>"; };
		E3CA80C71C9156AD00272242 /* Base */ = {isa = PBXFileReference; lastKnownFileType = file.storyboard; name = Base; path = Base.lproj/LaunchScreen.storyboard; sourceTree = "<group>"; };
		E3CA80C91C9156AD00272242 /* Info.plist */ = {isa = PBXFileReference; lastKnownFileType = text.plist.xml; path = Info.plist; sourceTree = "<group>"; };
		E3CA80CE1C9156AD00272242 /* SnapUpiPhoneTests.xctest */ = {isa = PBXFileReference; explicitFileType = wrapper.cfbundle; includeInIndex = 0; path = SnapUpiPhoneTests.xctest; sourceTree = BUILT_PRODUCTS_DIR; };
		E3CA80D21C9156AD00272242 /* SnapUpiPhoneTests.m */ = {isa = PBXFileReference; lastKnownFileType = sourcecode.c.objc; path = SnapUpiPhoneTests.m; sourceTree = "<group>"; };
		E3CA80D41C9156AD00272242 /* Info.plist */ = {isa = PBXFileReference; lastKnownFileType = text.plist.xml; path = Info.plist; sourceTree = "<group>"; };
		E3CA80D91C9156AD00272242 /* SnapUpiPhoneUITests.xctest */ = {isa = PBXFileReference; explicitFileType = wrapper.cfbundle; includeInIndex = 0; path = SnapUpiPhoneUITests.xctest; sourceTree = BUILT_PRODUCTS_DIR; };
		E3CA80DD1C9156AD00272242 /* SnapUpiPhoneUITests.m */ = {isa = PBXFileReference; lastKnownFileType = sourcecode.c.objc; path = SnapUpiPhoneUITests.m; sourceTree = "<group>"; };
		E3CA80DF1C9156AD00272242 /* Info.plist */ = {isa = PBXFileReference; lastKnownFileType = text.plist.xml; path = Info.plist; sourceTree = "<group>"; };
		E3CA80F51C91FDC400272242 /* BusesViewController.h */ = {isa = PBXFileReference; fileEncoding = 4; lastKnownFileType = sourcecode.c.h; path = BusesViewController.h; sourceTree = "<group>"; };
		E3CA80F61C91FDC400272242 /* BusesViewController.m */ = {isa = PBXFileReference; fileEncoding = 4; lastKnownFileType = sourcecode.c.objc; path = BusesViewController.m; sourceTree = "<group>"; };
		E3CA80F81C92520600272242 /* CameraViewController.h */ = {isa = PBXFileReference; fileEncoding = 4; lastKnownFileType = sourcecode.c.h; path = CameraViewController.h; sourceTree = "<group>"; };
		E3CA80F91C92520600272242 /* CameraViewController.m */ = {isa = PBXFileReference; fileEncoding = 4; lastKnownFileType = sourcecode.c.objc; path = CameraViewController.m; sourceTree = "<group>"; };
		E3CA80FB1C925FEF00272242 /* TabBarViewController.h */ = {isa = PBXFileReference; fileEncoding = 4; lastKnownFileType = sourcecode.c.h; path = TabBarViewController.h; sourceTree = "<group>"; };
		E3CA80FC1C925FEF00272242 /* TabBarViewController.m */ = {isa = PBXFileReference; fileEncoding = 4; lastKnownFileType = sourcecode.c.objc; path = TabBarViewController.m; sourceTree = "<group>"; };
		E3CA80FE1C9290DF00272242 /* AVFoundation.framework */ = {isa = PBXFileReference; lastKnownFileType = wrapper.framework; name = AVFoundation.framework; path = System/Library/Frameworks/AVFoundation.framework; sourceTree = SDKROOT; };
		E3CA81001C93B3D600272242 /* SelectBusViewController.h */ = {isa = PBXFileReference; fileEncoding = 4; lastKnownFileType = sourcecode.c.h; path = SelectBusViewController.h; sourceTree = "<group>"; };
		E3CA81011C93B3D600272242 /* SelectBusViewController.m */ = {isa = PBXFileReference; fileEncoding = 4; lastKnownFileType = sourcecode.c.objc; path = SelectBusViewController.m; sourceTree = "<group>"; };
		E3CA81031C9668E200272242 /* BusOrigin.h */ = {isa = PBXFileReference; fileEncoding = 4; lastKnownFileType = sourcecode.c.h; path = BusOrigin.h; sourceTree = "<group>"; };
		E3CA81041C9668E200272242 /* BusOrigin.m */ = {isa = PBXFileReference; fileEncoding = 4; lastKnownFileType = sourcecode.c.objc; path = BusOrigin.m; sourceTree = "<group>"; };
		E3CA81061C966C4000272242 /* BusOriginList.h */ = {isa = PBXFileReference; fileEncoding = 4; lastKnownFileType = sourcecode.c.h; path = BusOriginList.h; sourceTree = "<group>"; };
		E3CA81071C966C4000272242 /* BusOriginList.m */ = {isa = PBXFileReference; fileEncoding = 4; lastKnownFileType = sourcecode.c.objc; path = BusOriginList.m; sourceTree = "<group>"; };
/* End PBXFileReference section */

/* Begin PBXFrameworksBuildPhase section */
		E3CA80B21C9156AD00272242 /* Frameworks */ = {
			isa = PBXFrameworksBuildPhase;
			buildActionMask = 2147483647;
			files = (
				E3CA80FF1C9290DF00272242 /* AVFoundation.framework in Frameworks */,
				BADB26BE3A1A475EE3282204 /* libPods.a in Frameworks */,
			);
			runOnlyForDeploymentPostprocessing = 0;
		};
		E3CA80CB1C9156AD00272242 /* Frameworks */ = {
			isa = PBXFrameworksBuildPhase;
			buildActionMask = 2147483647;
			files = (
			);
			runOnlyForDeploymentPostprocessing = 0;
		};
		E3CA80D61C9156AD00272242 /* Frameworks */ = {
			isa = PBXFrameworksBuildPhase;
			buildActionMask = 2147483647;
			files = (
			);
			runOnlyForDeploymentPostprocessing = 0;
		};
/* End PBXFrameworksBuildPhase section */

/* Begin PBXGroup section */
		160F5532B8FF68B82B609ADB /* Pods */ = {
			isa = PBXGroup;
			children = (
				9BCF9D87179405322B0FD30F /* Pods.debug.xcconfig */,
				0708E83FBCEF106E7E72E5F3 /* Pods.release.xcconfig */,
			);
			name = Pods;
			sourceTree = "<group>";
		};
		E3CA80AC1C9156AD00272242 = {
			isa = PBXGroup;
			children = (
				E3CA80B71C9156AD00272242 /* SnapUpiPhone */,
				E3CA80D11C9156AD00272242 /* SnapUpiPhoneTests */,
				E3CA80DC1C9156AD00272242 /* SnapUpiPhoneUITests */,
				E3CA80B61C9156AD00272242 /* Products */,
				160F5532B8FF68B82B609ADB /* Pods */,
				E9A4B63B9FF28D00FA0438B3 /* Frameworks */,
			);
			sourceTree = "<group>";
		};
		E3CA80B61C9156AD00272242 /* Products */ = {
			isa = PBXGroup;
			children = (
				E3CA80B51C9156AD00272242 /* SnapUpiPhone.app */,
				E3CA80CE1C9156AD00272242 /* SnapUpiPhoneTests.xctest */,
				E3CA80D91C9156AD00272242 /* SnapUpiPhoneUITests.xctest */,
			);
			name = Products;
			sourceTree = "<group>";
		};
		E3CA80B71C9156AD00272242 /* SnapUpiPhone */ = {
			isa = PBXGroup;
			children = (
				E3CA80BB1C9156AD00272242 /* AppDelegate.h */,
				E3CA80BC1C9156AD00272242 /* AppDelegate.m */,
				E3CA81001C93B3D600272242 /* SelectBusViewController.h */,
				E3CA81011C93B3D600272242 /* SelectBusViewController.m */,
				E3CA80F81C92520600272242 /* CameraViewController.h */,
				E3CA80F91C92520600272242 /* CameraViewController.m */,
				E3CA80F51C91FDC400272242 /* BusesViewController.h */,
				E3CA80F61C91FDC400272242 /* BusesViewController.m */,
				E3CA80FB1C925FEF00272242 /* TabBarViewController.h */,
				E3CA80FC1C925FEF00272242 /* TabBarViewController.m */,
				E3CA80C11C9156AD00272242 /* Main.storyboard */,
				E3CA80C41C9156AD00272242 /* Assets.xcassets */,
				E3CA80C61C9156AD00272242 /* LaunchScreen.storyboard */,
				E3CA80C91C9156AD00272242 /* Info.plist */,
				E3CA81031C9668E200272242 /* BusOrigin.h */,
				E3CA81041C9668E200272242 /* BusOrigin.m */,
				E3CA81061C966C4000272242 /* BusOriginList.h */,
				E3CA81071C966C4000272242 /* BusOriginList.m */,
				E3CA80B81C9156AD00272242 /* Supporting Files */,
			);
			path = SnapUpiPhone;
			sourceTree = "<group>";
		};
		E3CA80B81C9156AD00272242 /* Supporting Files */ = {
			isa = PBXGroup;
			children = (
				E3CA80B91C9156AD00272242 /* main.m */,
			);
			name = "Supporting Files";
			sourceTree = "<group>";
		};
		E3CA80D11C9156AD00272242 /* SnapUpiPhoneTests */ = {
			isa = PBXGroup;
			children = (
				E3CA80D21C9156AD00272242 /* SnapUpiPhoneTests.m */,
				E3CA80D41C9156AD00272242 /* Info.plist */,
			);
			path = SnapUpiPhoneTests;
			sourceTree = "<group>";
		};
		E3CA80DC1C9156AD00272242 /* SnapUpiPhoneUITests */ = {
			isa = PBXGroup;
			children = (
				E3CA80DD1C9156AD00272242 /* SnapUpiPhoneUITests.m */,
				E3CA80DF1C9156AD00272242 /* Info.plist */,
			);
			path = SnapUpiPhoneUITests;
			sourceTree = "<group>";
		};
		E9A4B63B9FF28D00FA0438B3 /* Frameworks */ = {
			isa = PBXGroup;
			children = (
				E3CA80FE1C9290DF00272242 /* AVFoundation.framework */,
				88E7870AD5F99A43AE2C85A3 /* libPods.a */,
			);
			name = Frameworks;
			sourceTree = "<group>";
		};
/* End PBXGroup section */

/* Begin PBXNativeTarget section */
		E3CA80B41C9156AD00272242 /* SnapUpiPhone */ = {
			isa = PBXNativeTarget;
			buildConfigurationList = E3CA80E21C9156AD00272242 /* Build configuration list for PBXNativeTarget "SnapUpiPhone" */;
			buildPhases = (
				C09ED5F93C54901193975ED9 /* Check Pods Manifest.lock */,
				E3CA80B11C9156AD00272242 /* Sources */,
				E3CA80B21C9156AD00272242 /* Frameworks */,
				E3CA80B31C9156AD00272242 /* Resources */,
				E75C899869A0736626BBD1BA /* Embed Pods Frameworks */,
				4778DE06720EB248D0CC4946 /* Copy Pods Resources */,
			);
			buildRules = (
			);
			dependencies = (
			);
			name = SnapUpiPhone;
			productName = SnapUpiPhone;
			productReference = E3CA80B51C9156AD00272242 /* SnapUpiPhone.app */;
			productType = "com.apple.product-type.application";
		};
		E3CA80CD1C9156AD00272242 /* SnapUpiPhoneTests */ = {
			isa = PBXNativeTarget;
			buildConfigurationList = E3CA80E51C9156AD00272242 /* Build configuration list for PBXNativeTarget "SnapUpiPhoneTests" */;
			buildPhases = (
				E3CA80CA1C9156AD00272242 /* Sources */,
				E3CA80CB1C9156AD00272242 /* Frameworks */,
				E3CA80CC1C9156AD00272242 /* Resources */,
			);
			buildRules = (
			);
			dependencies = (
				E3CA80D01C9156AD00272242 /* PBXTargetDependency */,
			);
			name = SnapUpiPhoneTests;
			productName = SnapUpiPhoneTests;
			productReference = E3CA80CE1C9156AD00272242 /* SnapUpiPhoneTests.xctest */;
			productType = "com.apple.product-type.bundle.unit-test";
		};
		E3CA80D81C9156AD00272242 /* SnapUpiPhoneUITests */ = {
			isa = PBXNativeTarget;
			buildConfigurationList = E3CA80E81C9156AD00272242 /* Build configuration list for PBXNativeTarget "SnapUpiPhoneUITests" */;
			buildPhases = (
				E3CA80D51C9156AD00272242 /* Sources */,
				E3CA80D61C9156AD00272242 /* Frameworks */,
				E3CA80D71C9156AD00272242 /* Resources */,
			);
			buildRules = (
			);
			dependencies = (
				E3CA80DB1C9156AD00272242 /* PBXTargetDependency */,
			);
			name = SnapUpiPhoneUITests;
			productName = SnapUpiPhoneUITests;
			productReference = E3CA80D91C9156AD00272242 /* SnapUpiPhoneUITests.xctest */;
			productType = "com.apple.product-type.bundle.ui-testing";
		};
/* End PBXNativeTarget section */

/* Begin PBXProject section */
		E3CA80AD1C9156AD00272242 /* Project object */ = {
			isa = PBXProject;
			attributes = {
				LastUpgradeCheck = 0720;
				ORGANIZATIONNAME = "Cryptic Android";
				TargetAttributes = {
					E3CA80B41C9156AD00272242 = {
						CreatedOnToolsVersion = 7.2.1;
						DevelopmentTeam = 7DA5R2X9JC;
					};
					E3CA80CD1C9156AD00272242 = {
						CreatedOnToolsVersion = 7.2.1;
						DevelopmentTeam = 7DA5R2X9JC;
						TestTargetID = E3CA80B41C9156AD00272242;
					};
					E3CA80D81C9156AD00272242 = {
						CreatedOnToolsVersion = 7.2.1;
						DevelopmentTeam = 7DA5R2X9JC;
						TestTargetID = E3CA80B41C9156AD00272242;
					};
				};
			};
			buildConfigurationList = E3CA80B01C9156AD00272242 /* Build configuration list for PBXProject "SnapUpiPhone" */;
			compatibilityVersion = "Xcode 3.2";
			developmentRegion = English;
			hasScannedForEncodings = 0;
			knownRegions = (
				en,
				Base,
			);
			mainGroup = E3CA80AC1C9156AD00272242;
			productRefGroup = E3CA80B61C9156AD00272242 /* Products */;
			projectDirPath = "";
			projectRoot = "";
			targets = (
				E3CA80B41C9156AD00272242 /* SnapUpiPhone */,
				E3CA80CD1C9156AD00272242 /* SnapUpiPhoneTests */,
				E3CA80D81C9156AD00272242 /* SnapUpiPhoneUITests */,
			);
		};
/* End PBXProject section */

/* Begin PBXResourcesBuildPhase section */
		E3CA80B31C9156AD00272242 /* Resources */ = {
			isa = PBXResourcesBuildPhase;
			buildActionMask = 2147483647;
			files = (
				E3CA80C81C9156AD00272242 /* LaunchScreen.storyboard in Resources */,
				E3CA80C51C9156AD00272242 /* Assets.xcassets in Resources */,
				E3CA80C31C9156AD00272242 /* Main.storyboard in Resources */,
			);
			runOnlyForDeploymentPostprocessing = 0;
		};
		E3CA80CC1C9156AD00272242 /* Resources */ = {
			isa = PBXResourcesBuildPhase;
			buildActionMask = 2147483647;
			files = (
			);
			runOnlyForDeploymentPostprocessing = 0;
		};
		E3CA80D71C9156AD00272242 /* Resources */ = {
			isa = PBXResourcesBuildPhase;
			buildActionMask = 2147483647;
			files = (
			);
			runOnlyForDeploymentPostprocessing = 0;
		};
/* End PBXResourcesBuildPhase section */

/* Begin PBXShellScriptBuildPhase section */
		4778DE06720EB248D0CC4946 /* Copy Pods Resources */ = {
			isa = PBXShellScriptBuildPhase;
			buildActionMask = 2147483647;
			files = (
			);
			inputPaths = (
			);
			name = "Copy Pods Resources";
			outputPaths = (
			);
			runOnlyForDeploymentPostprocessing = 0;
			shellPath = /bin/sh;
			shellScript = "\"${SRCROOT}/Pods/Target Support Files/Pods/Pods-resources.sh\"\n";
			showEnvVarsInLog = 0;
		};
		C09ED5F93C54901193975ED9 /* Check Pods Manifest.lock */ = {
			isa = PBXShellScriptBuildPhase;
			buildActionMask = 2147483647;
			files = (
			);
			inputPaths = (
			);
			name = "Check Pods Manifest.lock";
			outputPaths = (
			);
			runOnlyForDeploymentPostprocessing = 0;
			shellPath = /bin/sh;
			shellScript = "diff \"${PODS_ROOT}/../Podfile.lock\" \"${PODS_ROOT}/Manifest.lock\" > /dev/null\nif [[ $? != 0 ]] ; then\n    cat << EOM\nerror: The sandbox is not in sync with the Podfile.lock. Run 'pod install' or update your CocoaPods installation.\nEOM\n    exit 1\nfi\n";
			showEnvVarsInLog = 0;
		};
		E75C899869A0736626BBD1BA /* Embed Pods Frameworks */ = {
			isa = PBXShellScriptBuildPhase;
			buildActionMask = 2147483647;
			files = (
			);
			inputPaths = (
			);
			name = "Embed Pods Frameworks";
			outputPaths = (
			);
			runOnlyForDeploymentPostprocessing = 0;
			shellPath = /bin/sh;
			shellScript = "\"${SRCROOT}/Pods/Target Support Files/Pods/Pods-frameworks.sh\"\n";
			showEnvVarsInLog = 0;
		};
/* End PBXShellScriptBuildPhase section */

/* Begin PBXSourcesBuildPhase section */
		E3CA80B11C9156AD00272242 /* Sources */ = {
			isa = PBXSourcesBuildPhase;
			buildActionMask = 2147483647;
			files = (
				E3CA81081C966C4000272242 /* BusOriginList.m in Sources */,
				E3CA80FD1C925FEF00272242 /* TabBarViewController.m in Sources */,
				E3CA80F71C91FDC400272242 /* BusesViewController.m in Sources */,
				E3CA80FA1C92520600272242 /* CameraViewController.m in Sources */,
				E3CA81021C93B3D600272242 /* SelectBusViewController.m in Sources */,
				E3CA80BD1C9156AD00272242 /* AppDelegate.m in Sources */,
				E3CA81051C9668E200272242 /* BusOrigin.m in Sources */,
				E3CA80BA1C9156AD00272242 /* main.m in Sources */,
			);
			runOnlyForDeploymentPostprocessing = 0;
		};
		E3CA80CA1C9156AD00272242 /* Sources */ = {
			isa = PBXSourcesBuildPhase;
			buildActionMask = 2147483647;
			files = (
				E3CA80D31C9156AD00272242 /* SnapUpiPhoneTests.m in Sources */,
			);
			runOnlyForDeploymentPostprocessing = 0;
		};
		E3CA80D51C9156AD00272242 /* Sources */ = {
			isa = PBXSourcesBuildPhase;
			buildActionMask = 2147483647;
			files = (
				E3CA80DE1C9156AD00272242 /* SnapUpiPhoneUITests.m in Sources */,
			);
			runOnlyForDeploymentPostprocessing = 0;
		};
/* End PBXSourcesBuildPhase section */

/* Begin PBXTargetDependency section */
		E3CA80D01C9156AD00272242 /* PBXTargetDependency */ = {
			isa = PBXTargetDependency;
			target = E3CA80B41C9156AD00272242 /* SnapUpiPhone */;
			targetProxy = E3CA80CF1C9156AD00272242 /* PBXContainerItemProxy */;
		};
		E3CA80DB1C9156AD00272242 /* PBXTargetDependency */ = {
			isa = PBXTargetDependency;
			target = E3CA80B41C9156AD00272242 /* SnapUpiPhone */;
			targetProxy = E3CA80DA1C9156AD00272242 /* PBXContainerItemProxy */;
		};
/* End PBXTargetDependency section */

/* Begin PBXVariantGroup section */
		E3CA80C11C9156AD00272242 /* Main.storyboard */ = {
			isa = PBXVariantGroup;
			children = (
				E3CA80C21C9156AD00272242 /* Base */,
			);
			name = Main.storyboard;
			sourceTree = "<group>";
		};
		E3CA80C61C9156AD00272242 /* LaunchScreen.storyboard */ = {
			isa = PBXVariantGroup;
			children = (
				E3CA80C71C9156AD00272242 /* Base */,
			);
			name = LaunchScreen.storyboard;
			sourceTree = "<group>";
		};
/* End PBXVariantGroup section */

/* Begin XCBuildConfiguration section */
		E3CA80E01C9156AD00272242 /* Debug */ = {
			isa = XCBuildConfiguration;
			buildSettings = {
				ALWAYS_SEARCH_USER_PATHS = NO;
				CLANG_CXX_LANGUAGE_STANDARD = "gnu++0x";
				CLANG_CXX_LIBRARY = "libc++";
				CLANG_ENABLE_MODULES = YES;
				CLANG_ENABLE_OBJC_ARC = YES;
				CLANG_WARN_BOOL_CONVERSION = YES;
				CLANG_WARN_CONSTANT_CONVERSION = YES;
				CLANG_WARN_DIRECT_OBJC_ISA_USAGE = YES_ERROR;
				CLANG_WARN_EMPTY_BODY = YES;
				CLANG_WARN_ENUM_CONVERSION = YES;
				CLANG_WARN_INT_CONVERSION = YES;
				CLANG_WARN_OBJC_ROOT_CLASS = YES_ERROR;
				CLANG_WARN_UNREACHABLE_CODE = YES;
				CLANG_WARN__DUPLICATE_METHOD_MATCH = YES;
				"CODE_SIGN_IDENTITY[sdk=iphoneos*]" = "iPhone Developer";
				COPY_PHASE_STRIP = NO;
				DEBUG_INFORMATION_FORMAT = dwarf;
				ENABLE_STRICT_OBJC_MSGSEND = YES;
				ENABLE_TESTABILITY = YES;
				GCC_C_LANGUAGE_STANDARD = gnu99;
				GCC_DYNAMIC_NO_PIC = NO;
				GCC_NO_COMMON_BLOCKS = YES;
				GCC_OPTIMIZATION_LEVEL = 0;
				GCC_PREPROCESSOR_DEFINITIONS = (
					"DEBUG=1",
					"$(inherited)",
				);
				GCC_WARN_64_TO_32_BIT_CONVERSION = YES;
				GCC_WARN_ABOUT_RETURN_TYPE = YES_ERROR;
				GCC_WARN_UNDECLARED_SELECTOR = YES;
				GCC_WARN_UNINITIALIZED_AUTOS = YES_AGGRESSIVE;
				GCC_WARN_UNUSED_FUNCTION = YES;
				GCC_WARN_UNUSED_VARIABLE = YES;
				IPHONEOS_DEPLOYMENT_TARGET = 9.2;
				MTL_ENABLE_DEBUG_INFO = YES;
				ONLY_ACTIVE_ARCH = YES;
				SDKROOT = iphoneos;
			};
			name = Debug;
		};
		E3CA80E11C9156AD00272242 /* Release */ = {
			isa = XCBuildConfiguration;
			buildSettings = {
				ALWAYS_SEARCH_USER_PATHS = NO;
				CLANG_CXX_LANGUAGE_STANDARD = "gnu++0x";
				CLANG_CXX_LIBRARY = "libc++";
				CLANG_ENABLE_MODULES = YES;
				CLANG_ENABLE_OBJC_ARC = YES;
				CLANG_WARN_BOOL_CONVERSION = YES;
				CLANG_WARN_CONSTANT_CONVERSION = YES;
				CLANG_WARN_DIRECT_OBJC_ISA_USAGE = YES_ERROR;
				CLANG_WARN_EMPTY_BODY = YES;
				CLANG_WARN_ENUM_CONVERSION = YES;
				CLANG_WARN_INT_CONVERSION = YES;
				CLANG_WARN_OBJC_ROOT_CLASS = YES_ERROR;
				CLANG_WARN_UNREACHABLE_CODE = YES;
				CLANG_WARN__DUPLICATE_METHOD_MATCH = YES;
				"CODE_SIGN_IDENTITY[sdk=iphoneos*]" = "iPhone Developer";
				COPY_PHASE_STRIP = NO;
				DEBUG_INFORMATION_FORMAT = "dwarf-with-dsym";
				ENABLE_NS_ASSERTIONS = NO;
				ENABLE_STRICT_OBJC_MSGSEND = YES;
				GCC_C_LANGUAGE_STANDARD = gnu99;
				GCC_NO_COMMON_BLOCKS = YES;
				GCC_WARN_64_TO_32_BIT_CONVERSION = YES;
				GCC_WARN_ABOUT_RETURN_TYPE = YES_ERROR;
				GCC_WARN_UNDECLARED_SELECTOR = YES;
				GCC_WARN_UNINITIALIZED_AUTOS = YES_AGGRESSIVE;
				GCC_WARN_UNUSED_FUNCTION = YES;
				GCC_WARN_UNUSED_VARIABLE = YES;
				IPHONEOS_DEPLOYMENT_TARGET = 9.2;
				MTL_ENABLE_DEBUG_INFO = NO;
				SDKROOT = iphoneos;
				VALIDATE_PRODUCT = YES;
			};
			name = Release;
		};
		E3CA80E31C9156AD00272242 /* Debug */ = {
			isa = XCBuildConfiguration;
			baseConfigurationReference = 9BCF9D87179405322B0FD30F /* Pods.debug.xcconfig */;
			buildSettings = {
				ASSETCATALOG_COMPILER_APPICON_NAME = AppIcon;
				INFOPLIST_FILE = SnapUpiPhone/Info.plist;
				LD_RUNPATH_SEARCH_PATHS = "$(inherited) @executable_path/Frameworks";
				PRODUCT_BUNDLE_IDENTIFIER = com.CrypticAndroid.SnapUpiPhone;
				PRODUCT_NAME = "$(TARGET_NAME)";
			};
			name = Debug;
		};
		E3CA80E41C9156AD00272242 /* Release */ = {
			isa = XCBuildConfiguration;
			baseConfigurationReference = 0708E83FBCEF106E7E72E5F3 /* Pods.release.xcconfig */;
			buildSettings = {
				ASSETCATALOG_COMPILER_APPICON_NAME = AppIcon;
				INFOPLIST_FILE = SnapUpiPhone/Info.plist;
				LD_RUNPATH_SEARCH_PATHS = "$(inherited) @executable_path/Frameworks";
				PRODUCT_BUNDLE_IDENTIFIER = com.CrypticAndroid.SnapUpiPhone;
				PRODUCT_NAME = "$(TARGET_NAME)";
			};
			name = Release;
		};
		E3CA80E61C9156AD00272242 /* Debug */ = {
			isa = XCBuildConfiguration;
			buildSettings = {
				BUNDLE_LOADER = "$(TEST_HOST)";
				INFOPLIST_FILE = SnapUpiPhoneTests/Info.plist;
				LD_RUNPATH_SEARCH_PATHS = "$(inherited) @executable_path/Frameworks @loader_path/Frameworks";
				PRODUCT_BUNDLE_IDENTIFIER = com.CrypticAndroid.SnapUpiPhoneTests;
				PRODUCT_NAME = "$(TARGET_NAME)";
				TEST_HOST = "$(BUILT_PRODUCTS_DIR)/SnapUpiPhone.app/SnapUpiPhone";
			};
			name = Debug;
		};
		E3CA80E71C9156AD00272242 /* Release */ = {
			isa = XCBuildConfiguration;
			buildSettings = {
				BUNDLE_LOADER = "$(TEST_HOST)";
				INFOPLIST_FILE = SnapUpiPhoneTests/Info.plist;
				LD_RUNPATH_SEARCH_PATHS = "$(inherited) @executable_path/Frameworks @loader_path/Frameworks";
				PRODUCT_BUNDLE_IDENTIFIER = com.CrypticAndroid.SnapUpiPhoneTests;
				PRODUCT_NAME = "$(TARGET_NAME)";
				TEST_HOST = "$(BUILT_PRODUCTS_DIR)/SnapUpiPhone.app/SnapUpiPhone";
			};
			name = Release;
		};
		E3CA80E91C9156AD00272242 /* Debug */ = {
			isa = XCBuildConfiguration;
			buildSettings = {
				INFOPLIST_FILE = SnapUpiPhoneUITests/Info.plist;
				LD_RUNPATH_SEARCH_PATHS = "$(inherited) @executable_path/Frameworks @loader_path/Frameworks";
				PRODUCT_BUNDLE_IDENTIFIER = com.CrypticAndroid.SnapUpiPhoneUITests;
				PRODUCT_NAME = "$(TARGET_NAME)";
				TEST_TARGET_NAME = SnapUpiPhone;
				USES_XCTRUNNER = YES;
			};
			name = Debug;
		};
		E3CA80EA1C9156AD00272242 /* Release */ = {
			isa = XCBuildConfiguration;
			buildSettings = {
				INFOPLIST_FILE = SnapUpiPhoneUITests/Info.plist;
				LD_RUNPATH_SEARCH_PATHS = "$(inherited) @executable_path/Frameworks @loader_path/Frameworks";
				PRODUCT_BUNDLE_IDENTIFIER = com.CrypticAndroid.SnapUpiPhoneUITests;
				PRODUCT_NAME = "$(TARGET_NAME)";
				TEST_TARGET_NAME = SnapUpiPhone;
				USES_XCTRUNNER = YES;
			};
			name = Release;
		};
/* End XCBuildConfiguration section */

/* Begin XCConfigurationList section */
		E3CA80B01C9156AD00272242 /* Build configuration list for PBXProject "SnapUpiPhone" */ = {
			isa = XCConfigurationList;
			buildConfigurations = (
				E3CA80E01C9156AD00272242 /* Debug */,
				E3CA80E11C9156AD00272242 /* Release */,
			);
			defaultConfigurationIsVisible = 0;
			defaultConfigurationName = Release;
		};
		E3CA80E21C9156AD00272242 /* Build configuration list for PBXNativeTarget "SnapUpiPhone" */ = {
			isa = XCConfigurationList;
			buildConfigurations = (
				E3CA80E31C9156AD00272242 /* Debug */,
				E3CA80E41C9156AD00272242 /* Release */,
			);
			defaultConfigurationIsVisible = 0;
			defaultConfigurationName = Release;
		};
		E3CA80E51C9156AD00272242 /* Build configuration list for PBXNativeTarget "SnapUpiPhoneTests" */ = {
			isa = XCConfigurationList;
			buildConfigurations = (
				E3CA80E61C9156AD00272242 /* Debug */,
				E3CA80E71C9156AD00272242 /* Release */,
			);
			defaultConfigurationIsVisible = 0;
			defaultConfigurationName = Release;
		};
		E3CA80E81C9156AD00272242 /* Build configuration list for PBXNativeTarget "SnapUpiPhoneUITests" */ = {
			isa = XCConfigurationList;
			buildConfigurations = (
				E3CA80E91C9156AD00272242 /* Debug */,
				E3CA80EA1C9156AD00272242 /* Release */,
			);
			defaultConfigurationIsVisible = 0;
			defaultConfigurationName = Release;
		};
/* End XCConfigurationList section */
	};
	rootObject = E3CA80AD1C9156AD00272242 /* Project object */;
}
